[[package]]
name = "cysgp4"
version = "0.3.3"
description = "Cysgp4: a wrapper around the SGP4 package, for sat TLE calculations"
category = "main"
optional = false
python-versions = ">=3.5"

[package.dependencies]
numpy = ">=1.13.1"

[[package]]
name = "numpy"
version = "1.20.1"
description = "NumPy is the fundamental package for array computing with Python."
category = "main"
optional = false
python-versions = ">=3.7"

[metadata]
lock-version = "1.1"
python-versions = "^3.8"
content-hash = "af10385773c6929866b3d143e617c9cc0424b54a4e47d6421948ae666abd39b8"

[metadata.files]
cysgp4 = [
    {file = "cysgp4-0.3.3-cp35-cp35m-macosx_10_9_x86_64.whl", hash = "sha256:3afa983fd4df009e2b0d8f9f235db017dc8e6dfa7ff0ae3db1efe61fc8f66e55"},
    {file = "cysgp4-0.3.3-cp35-cp35m-manylinux2010_x86_64.whl", hash = "sha256:fc16d03e677bf455c93d049a62e41ffff5f819cecee461c03e71517e241d3c8d"},
    {file = "cysgp4-0.3.3-cp35-cp35m-win_amd64.whl", hash = "sha256:826af351a17f1711fce88ef9d649832230eb6a1e95c84728fb1de95c11231f8e"},
    {file = "cysgp4-0.3.3-cp36-cp36m-macosx_10_9_x86_64.whl", hash = "sha256:12a2a6e283dfa204019699cc3861486944c44f61a5e664fe34874262db1f8ef9"},
    {file = "cysgp4-0.3.3-cp36-cp36m-manylinux2010_x86_64.whl", hash = "sha256:d27cb1203a0d99ca435fca0514ceb0cc3244c3197c01fca2793736bf26d7c078"},
    {file = "cysgp4-0.3.3-cp36-cp36m-win_amd64.whl", hash = "sha256:f9a77886d7198e01f82c5300ca36b592cef34b4c1c067293c73dec0e98ffcb1f"},
    {file = "cysgp4-0.3.3-cp37-cp37m-macosx_10_9_x86_64.whl", hash = "sha256:b576437cdd7e01631bfd16e3a721aa07c45586adb7c2a38d32e0bd5f53b3ff60"},
    {file = "cysgp4-0.3.3-cp37-cp37m-manylinux2010_x86_64.whl", hash = "sha256:4e9ef1cfc4195dc44be27bc7437a5e7f5972d62b50b44edcf4b6b0f5b27f050e"},
    {file = "cysgp4-0.3.3-cp37-cp37m-win_amd64.whl", hash = "sha256:cf37b6f46e3f1f5b11f992d97f96270283327a4c46adf4ad9875f63ef069534d"},
    {file = "cysgp4-0.3.3.tar.gz", hash = "sha256:76c83ee090cd097248c18bbbebe6891288e9b8e6185292ab8e7893f3492aac66"},
]
numpy = [
    {file = "numpy-1.20.1-cp37-cp37m-macosx_10_9_x86_64.whl", hash = "sha256:ae61f02b84a0211abb56462a3b6cd1e7ec39d466d3160eb4e1da8bf6717cdbeb"},
    {file = "numpy-1.20.1-cp37-cp37m-manylinux1_i686.whl", hash = "sha256:65410c7f4398a0047eea5cca9b74009ea61178efd78d1be9847fac1d6716ec1e"},
    {file = "numpy-1.20.1-cp37-cp37m-manylinux1_x86_64.whl", hash = "sha256:2d7e27442599104ee08f4faed56bb87c55f8b10a5494ac2ead5c98a4b289e61f"},
    {file = "numpy-1.20.1-cp37-cp37m-manylinux2010_i686.whl", hash = "sha256:4ed8e96dc146e12c1c5cdd6fb9fd0757f2ba66048bf94c5126b7efebd12d0090"},
    {file = "numpy-1.20.1-cp37-cp37m-manylinux2010_x86_64.whl", hash = "sha256:ecb5b74c702358cdc21268ff4c37f7466357871f53a30e6f84c686952bef16a9"},
    {file = "numpy-1.20.1-cp37-cp37m-manylinux2014_aarch64.whl", hash = "sha256:b9410c0b6fed4a22554f072a86c361e417f0258838957b78bd063bde2c7f841f"},
    {file = "numpy-1.20.1-cp37-cp37m-win32.whl", hash = "sha256:3d3087e24e354c18fb35c454026af3ed8997cfd4997765266897c68d724e4845"},
    {file = "numpy-1.20.1-cp37-cp37m-win_amd64.whl", hash = "sha256:89f937b13b8dd17b0099c7c2e22066883c86ca1575a975f754babc8fbf8d69a9"},
    {file = "numpy-1.20.1-cp38-cp38-macosx_10_9_x86_64.whl", hash = "sha256:a1d7995d1023335e67fb070b2fae6f5968f5be3802b15ad6d79d81ecaa014fe0"},
    {file = "numpy-1.20.1-cp38-cp38-manylinux1_i686.whl", hash = "sha256:60759ab15c94dd0e1ed88241fd4fa3312db4e91d2c8f5a2d4cf3863fad83d65b"},
    {file = "numpy-1.20.1-cp38-cp38-manylinux1_x86_64.whl", hash = "sha256:125a0e10ddd99a874fd357bfa1b636cd58deb78ba4a30b5ddb09f645c3512e04"},
    {file = "numpy-1.20.1-cp38-cp38-manylinux2010_i686.whl", hash = "sha256:c26287dfc888cf1e65181f39ea75e11f42ffc4f4529e5bd19add57ad458996e2"},
    {file = "numpy-1.20.1-cp38-cp38-manylinux2010_x86_64.whl", hash = "sha256:7199109fa46277be503393be9250b983f325880766f847885607d9b13848f257"},
    {file = "numpy-1.20.1-cp38-cp38-manylinux2014_aarch64.whl", hash = "sha256:72251e43ac426ff98ea802a931922c79b8d7596480300eb9f1b1e45e0543571e"},
    {file = "numpy-1.20.1-cp38-cp38-win32.whl", hash = "sha256:c91ec9569facd4757ade0888371eced2ecf49e7982ce5634cc2cf4e7331a4b14"},
    {file = "numpy-1.20.1-cp38-cp38-win_amd64.whl", hash = "sha256:13adf545732bb23a796914fe5f891a12bd74cf3d2986eed7b7eba2941eea1590"},
    {file = "numpy-1.20.1-cp39-cp39-macosx_10_9_x86_64.whl", hash = "sha256:104f5e90b143dbf298361a99ac1af4cf59131218a045ebf4ee5990b83cff5fab"},
    {file = "numpy-1.20.1-cp39-cp39-manylinux2010_i686.whl", hash = "sha256:89e5336f2bec0c726ac7e7cdae181b325a9c0ee24e604704ed830d241c5e47ff"},
    {file = "numpy-1.20.1-cp39-cp39-manylinux2010_x86_64.whl", hash = "sha256:032be656d89bbf786d743fee11d01ef318b0781281241997558fa7950028dd29"},
    {file = "numpy-1.20.1-cp39-cp39-manylinux2014_aarch64.whl", hash = "sha256:66b467adfcf628f66ea4ac6430ded0614f5cc06ba530d09571ea404789064adc"},
    {file = "numpy-1.20.1-cp39-cp39-win32.whl", hash = "sha256:12e4ba5c6420917571f1a5becc9338abbde71dd811ce40b37ba62dec7b39af6d"},
    {file = "numpy-1.20.1-cp39-cp39-win_amd64.whl", hash = "sha256:9c94cab5054bad82a70b2e77741271790304651d584e2cdfe2041488e753863b"},
    {file = "numpy-1.20.1-pp37-pypy37_pp73-manylinux2010_x86_64.whl", hash = "sha256:9eb551d122fadca7774b97db8a112b77231dcccda8e91a5bc99e79890797175e"},
    {file = "numpy-1.20.1.zip", hash = "sha256:3bc63486a870294683980d76ec1e3efc786295ae00128f9ea38e2c6e74d5a60a"},
]
